
Microsoft Visual Studio Solution File, Format Version 12.00
# Visual Studio 2017
Project("{FAE04EC0-301F-11D3-BF4B-00C04F79EFBC}") = "Zombie Night", "Zombie Night.csproj", "{24D40770-4860-FEA9-7C88-8A9C003A68B8}"
EndProject
Project("{FAE04EC0-301F-11D3-BF4B-00C04F79EFBC}") = "Zombie Night.Plugins", "Zombie Night.Plugins.csproj", "{D125E937-AAFA-268C-D88F-6E58B754AC18}"
EndProject
Project("{FAE04EC0-301F-11D3-BF4B-00C04F79EFBC}") = "Zombie Night.Editor.Plugins", "Zombie Night.Editor.Plugins.csproj", "{D1BD65D8-B1D1-470A-824A-FCA028553BF7}"
EndProject
Project("{FAE04EC0-301F-11D3-BF4B-00C04F79EFBC}") = "Zombie Night.Editor", "Zombie Night.Editor.csproj", "{426C8064-2316-44A7-08FA-9998D8067612}"
EndProject
Global
	GlobalSection(SolutionConfigurationPlatforms) = preSolution
		Debug|Any CPU = Debug|Any CPU
		Release|Any CPU = Release|Any CPU
	EndGlobalSection
	GlobalSection(ProjectConfigurationPlatforms) = postSolution
		{24D40770-4860-FEA9-7C88-8A9C003A68B8}.Debug|Any CPU.ActiveCfg = Debug|Any CPU
		{24D40770-4860-FEA9-7C88-8A9C003A68B8}.Debug|Any CPU.Build.0 = Debug|Any CPU
		{24D40770-4860-FEA9-7C88-8A9C003A68B8}.Release|Any CPU.ActiveCfg = Release|Any CPU
		{24D40770-4860-FEA9-7C88-8A9C003A68B8}.Release|Any CPU.Build.0 = Release|Any CPU
		{D125E937-AAFA-268C-D88F-6E58B754AC18}.Debug|Any CPU.ActiveCfg = Debug|Any CPU
		{D125E937-AAFA-268C-D88F-6E58B754AC18}.Debug|Any CPU.Build.0 = Debug|Any CPU
		{D125E937-AAFA-268C-D88F-6E58B754AC18}.Release|Any CPU.ActiveCfg = Release|Any CPU
		{D125E937-AAFA-268C-D88F-6E58B754AC18}.Release|Any CPU.Build.0 = Release|Any CPU
		{D1BD65D8-B1D1-470A-824A-FCA028553BF7}.Debug|Any CPU.ActiveCfg = Debug|Any CPU
		{D1BD65D8-B1D1-470A-824A-FCA028553BF7}.Debug|Any CPU.Build.0 = Debug|Any CPU
		{D1BD65D8-B1D1-470A-824A-FCA028553BF7}.Release|Any CPU.ActiveCfg = Release|Any CPU
		{D1BD65D8-B1D1-470A-824A-FCA028553BF7}.Release|Any CPU.Build.0 = Release|Any CPU
		{426C8064-2316-44A7-08FA-9998D8067612}.Debug|Any CPU.ActiveCfg = Debug|Any CPU
		{426C8064-2316-44A7-08FA-9998D8067612}.Debug|Any CPU.Build.0 = Debug|Any CPU
		{426C8064-2316-44A7-08FA-9998D8067612}.Release|Any CPU.ActiveCfg = Release|Any CPU
		{426C8064-2316-44A7-08FA-9998D8067612}.Release|Any CPU.Build.0 = Release|Any CPU
	EndGlobalSection
	GlobalSection(SolutionProperties) = preSolution
		HideSolutionNode = FALSE
	EndGlobalSection
EndGlobal
